// !$*UTF8*$!
{
	archiveVersion = 1;
	classes = {
	};
	objectVersion = 51;
	objects = {

/* Begin PBXBuildFile section */
		74B104CC0F619ED043A12B8A /* Pods_Authenticator.framework in Frameworks */ = {isa = PBXBuildFile; fileRef = 30667E1957777604CBF3A8E6 /* Pods_Authenticator.framework */; };
		AA349482268BE40B00467C0C /* FirebaseFunctions.swift in Sources */ = {isa = PBXBuildFile; fileRef = AA349480268BE40B00467C0C /* FirebaseFunctions.swift */; };
		AA349483268BE40B00467C0C /* PasswordValidator.swift in Sources */ = {isa = PBXBuildFile; fileRef = AA349481268BE40B00467C0C /* PasswordValidator.swift */; };
		AA349485268BE58B00467C0C /* Photo.storyboard in Resources */ = {isa = PBXBuildFile; fileRef = AA349484268BE58B00467C0C /* Photo.storyboard */; };
		AA349487268BE5F000467C0C /* PhotoViewController.swift in Sources */ = {isa = PBXBuildFile; fileRef = AA349486268BE5F000467C0C /* PhotoViewController.swift */; };
		AA349489268BE85400467C0C /* FirebasePhotoFunctions.swift in Sources */ = {isa = PBXBuildFile; fileRef = AA349488268BE85400467C0C /* FirebasePhotoFunctions.swift */; };
		AA34948B268BEBD500467C0C /* Photo.swift in Sources */ = {isa = PBXBuildFile; fileRef = AA34948A268BEBD500467C0C /* Photo.swift */; };
		AA8BC22C267962F4001229AF /* AccountViewController.swift in Sources */ = {isa = PBXBuildFile; fileRef = AA8BC22B267962F4001229AF /* AccountViewController.swift */; };
		AA9016F1267D04200029A541 /* UsersTableViewController.swift in Sources */ = {isa = PBXBuildFile; fileRef = AA9016F0267D04200029A541 /* UsersTableViewController.swift */; };
		AA9016F4267D04CB0029A541 /* UserTableViewCell.swift in Sources */ = {isa = PBXBuildFile; fileRef = AA9016F3267D04CB0029A541 /* UserTableViewCell.swift */; };
		AAB347592679197600C39BEA /* GoogleService-Info.plist in Resources */ = {isa = PBXBuildFile; fileRef = AAB347582679197600C39BEA /* GoogleService-Info.plist */; };
		AAE9507D2679163A00F4939A /* AppDelegate.swift in Sources */ = {isa = PBXBuildFile; fileRef = AAE9507C2679163A00F4939A /* AppDelegate.swift */; };
		AAE9507F2679163A00F4939A /* SceneDelegate.swift in Sources */ = {isa = PBXBuildFile; fileRef = AAE9507E2679163A00F4939A /* SceneDelegate.swift */; };
		AAE950842679163A00F4939A /* Main.storyboard in Resources */ = {isa = PBXBuildFile; fileRef = AAE950822679163A00F4939A /* Main.storyboard */; };
		AAE950862679163B00F4939A /* Assets.xcassets in Resources */ = {isa = PBXBuildFile; fileRef = AAE950852679163B00F4939A /* Assets.xcassets */; };
		AAE950892679163B00F4939A /* LaunchScreen.storyboard in Resources */ = {isa = PBXBuildFile; fileRef = AAE950872679163B00F4939A /* LaunchScreen.storyboard */; };
		AAE950972679174600F4939A /* LoginViewController.swift in Sources */ = {isa = PBXBuildFile; fileRef = AAE950962679174600F4939A /* LoginViewController.swift */; };
		AAF7FECF267921AD00DF0EA5 /* SignUpViewController.swift in Sources */ = {isa = PBXBuildFile; fileRef = AAF7FECE267921AD00DF0EA5 /* SignUpViewController.swift */; };
/* End PBXBuildFile section */

/* Begin PBXFileReference section */
		30667E1957777604CBF3A8E6 /* Pods_Authenticator.framework */ = {isa = PBXFileReference; explicitFileType = wrapper.framework; includeInIndex = 0; path = Pods_Authenticator.framework; sourceTree = BUILT_PRODUCTS_DIR; };
		59090E5E63F3AE00AE21CA67 /* Pods-Authenticator.release.xcconfig */ = {isa = PBXFileReference; includeInIndex = 1; lastKnownFileType = text.xcconfig; name = "Pods-Authenticator.release.xcconfig"; path = "Target Support Files/Pods-Authenticator/Pods-Authenticator.release.xcconfig"; sourceTree = "<group>"; };
		AA349480268BE40B00467C0C /* FirebaseFunctions.swift */ = {isa = PBXFileReference; fileEncoding = 4; lastKnownFileType = sourcecode.swift; path = FirebaseFunctions.swift; sourceTree = "<group>"; };
		AA349481268BE40B00467C0C /* PasswordValidator.swift */ = {isa = PBXFileReference; fileEncoding = 4; lastKnownFileType = sourcecode.swift; path = PasswordValidator.swift; sourceTree = "<group>"; };
		AA349484268BE58B00467C0C /* Photo.storyboard */ = {isa = PBXFileReference; lastKnownFileType = file.storyboard; path = Photo.storyboard; sourceTree = "<group>"; };
		AA349486268BE5F000467C0C /* PhotoViewController.swift */ = {isa = PBXFileReference; lastKnownFileType = sourcecode.swift; path = PhotoViewController.swift; sourceTree = "<group>"; };
		AA349488268BE85400467C0C /* FirebasePhotoFunctions.swift */ = {isa = PBXFileReference; lastKnownFileType = sourcecode.swift; path = FirebasePhotoFunctions.swift; sourceTree = "<group>"; };
		AA34948A268BEBD500467C0C /* Photo.swift */ = {isa = PBXFileReference; lastKnownFileType = sourcecode.swift; path = Photo.swift; sourceTree = "<group>"; };
		AA8BC22B267962F4001229AF /* AccountViewController.swift */ = {isa = PBXFileReference; lastKnownFileType = sourcecode.swift; path = AccountViewController.swift; sourceTree = "<group>"; };
		AA9016F0267D04200029A541 /* UsersTableViewController.swift */ = {isa = PBXFileReference; lastKnownFileType = sourcecode.swift; path = UsersTableViewController.swift; sourceTree = "<group>"; };
		AA9016F3267D04CB0029A541 /* UserTableViewCell.swift */ = {isa = PBXFileReference; lastKnownFileType = sourcecode.swift; path = UserTableViewCell.swift; sourceTree = "<group>"; };
		AAB347582679197600C39BEA /* GoogleService-Info.plist */ = {isa = PBXFileReference; fileEncoding = 4; lastKnownFileType = text.plist.xml; name = "GoogleService-Info.plist"; path = "../../../../../../Downloads/GoogleService-Info.plist"; sourceTree = "<group>"; };
		AAE950792679163A00F4939A /* Authenticator.app */ = {isa = PBXFileReference; explicitFileType = wrapper.application; includeInIndex = 0; path = Authenticator.app; sourceTree = BUILT_PRODUCTS_DIR; };
		AAE9507C2679163A00F4939A /* AppDelegate.swift */ = {isa = PBXFileReference; lastKnownFileType = sourcecode.swift; path = AppDelegate.swift; sourceTree = "<group>"; };
		AAE9507E2679163A00F4939A /* SceneDelegate.swift */ = {isa = PBXFileReference; lastKnownFileType = sourcecode.swift; path = SceneDelegate.swift; sourceTree = "<group>"; };
		AAE950832679163A00F4939A /* Base */ = {isa = PBXFileReference; lastKnownFileType = file.storyboard; name = Base; path = Base.lproj/Main.storyboard; sourceTree = "<group>"; };
		AAE950852679163B00F4939A /* Assets.xcassets */ = {isa = PBXFileReference; lastKnownFileType = folder.assetcatalog; path = Assets.xcassets; sourceTree = "<group>"; };
		AAE950882679163B00F4939A /* Base */ = {isa = PBXFileReference; lastKnownFileType = file.storyboard; name = Base; path = Base.lproj/LaunchScreen.storyboard; sourceTree = "<group>"; };
		AAE9508A2679163B00F4939A /* Info.plist */ = {isa = PBXFileReference; lastKnownFileType = text.plist.xml; path = Info.plist; sourceTree = "<group>"; };
		AAE950962679174600F4939A /* LoginViewController.swift */ = {isa = PBXFileReference; lastKnownFileType = sourcecode.swift; path = LoginViewController.swift; sourceTree = "<group>"; };
		AAF7FECE267921AD00DF0EA5 /* SignUpViewController.swift */ = {isa = PBXFileReference; lastKnownFileType = sourcecode.swift; path = SignUpViewController.swift; sourceTree = "<group>"; };
		B1EBB066C63FAD71D2C5522D /* Pods-Authenticator.debug.xcconfig */ = {isa = PBXFileReference; includeInIndex = 1; lastKnownFileType = text.xcconfig; name = "Pods-Authenticator.debug.xcconfig"; path = "Target Support Files/Pods-Authenticator/Pods-Authenticator.debug.xcconfig"; sourceTree = "<group>"; };
/* End PBXFileReference section */

/* Begin PBXFrameworksBuildPhase section */
		AAE950762679163A00F4939A /* Frameworks */ = {
			isa = PBXFrameworksBuildPhase;
			buildActionMask = 2147483647;
			files = (
				74B104CC0F619ED043A12B8A /* Pods_Authenticator.framework in Frameworks */,
			);
			runOnlyForDeploymentPostprocessing = 0;
		};
/* End PBXFrameworksBuildPhase section */

/* Begin PBXGroup section */
		AA34948C268BEBD800467C0C /* Models */ = {
			isa = PBXGroup;
			children = (
				AA34948A268BEBD500467C0C /* Photo.swift */,
			);
			path = Models;
			sourceTree = "<group>";
		};
		AA9016F2267D049D0029A541 /* Custom Cells */ = {
			isa = PBXGroup;
			children = (
				AA9016F3267D04CB0029A541 /* UserTableViewCell.swift */,
			);
			path = "Custom Cells";
			sourceTree = "<group>";
		};
		AAE950702679163A00F4939A = {
			isa = PBXGroup;
			children = (
				AAE9507B2679163A00F4939A /* Authenticator */,
				AAE9507A2679163A00F4939A /* Products */,
				F1EDB7A470BE0B7941AC8F3A /* Pods */,
				B7C23AAAB1A484FC1E6733F1 /* Frameworks */,
			);
			sourceTree = "<group>";
		};
		AAE9507A2679163A00F4939A /* Products */ = {
			isa = PBXGroup;
			children = (
				AAE950792679163A00F4939A /* Authenticator.app */,
			);
			name = Products;
			sourceTree = "<group>";
		};
		AAE9507B2679163A00F4939A /* Authenticator */ = {
			isa = PBXGroup;
			children = (
				AAF7FED0267923AD00DF0EA5 /* Helpers and Extensions */,
				AAB347582679197600C39BEA /* GoogleService-Info.plist */,
				AAE950932679172100F4939A /* Controllers */,
				AAE950912679171500F4939A /* Storyboards */,
				AAE950902679170700F4939A /* Resources */,
				AA34948C268BEBD800467C0C /* Models */,
			);
			path = Authenticator;
			sourceTree = "<group>";
		};
		AAE950902679170700F4939A /* Resources */ = {
			isa = PBXGroup;
			children = (
				AAE9507C2679163A00F4939A /* AppDelegate.swift */,
				AAE9507E2679163A00F4939A /* SceneDelegate.swift */,
				AAE950852679163B00F4939A /* Assets.xcassets */,
				AAE9508A2679163B00F4939A /* Info.plist */,
			);
			path = Resources;
			sourceTree = "<group>";
		};
		AAE950912679171500F4939A /* Storyboards */ = {
			isa = PBXGroup;
			children = (
				AAE950822679163A00F4939A /* Main.storyboard */,
				AAE950872679163B00F4939A /* LaunchScreen.storyboard */,
				AA349484268BE58B00467C0C /* Photo.storyboard */,
			);
			path = Storyboards;
			sourceTree = "<group>";
		};
		AAE950932679172100F4939A /* Controllers */ = {
			isa = PBXGroup;
			children = (
				AAE950952679172900F4939A /* View Controllers */,
			);
			path = Controllers;
			sourceTree = "<group>";
		};
		AAE950952679172900F4939A /* View Controllers */ = {
			isa = PBXGroup;
			children = (
				AAE950962679174600F4939A /* LoginViewController.swift */,
				AAF7FECE267921AD00DF0EA5 /* SignUpViewController.swift */,
				AA8BC22B267962F4001229AF /* AccountViewController.swift */,
				AA9016F0267D04200029A541 /* UsersTableViewController.swift */,
				AA9016F2267D049D0029A541 /* Custom Cells */,
				AA349486268BE5F000467C0C /* PhotoViewController.swift */,
			);
			path = "View Controllers";
			sourceTree = "<group>";
		};
		AAF7FED0267923AD00DF0EA5 /* Helpers and Extensions */ = {
			isa = PBXGroup;
			children = (
				AA349480268BE40B00467C0C /* FirebaseFunctions.swift */,
				AA349481268BE40B00467C0C /* PasswordValidator.swift */,
				AA349488268BE85400467C0C /* FirebasePhotoFunctions.swift */,
			);
			path = "Helpers and Extensions";
			sourceTree = "<group>";
		};
		B7C23AAAB1A484FC1E6733F1 /* Frameworks */ = {
			isa = PBXGroup;
			children = (
				30667E1957777604CBF3A8E6 /* Pods_Authenticator.framework */,
			);
			name = Frameworks;
			sourceTree = "<group>";
		};
		F1EDB7A470BE0B7941AC8F3A /* Pods */ = {
			isa = PBXGroup;
			children = (
				B1EBB066C63FAD71D2C5522D /* Pods-Authenticator.debug.xcconfig */,
				59090E5E63F3AE00AE21CA67 /* Pods-Authenticator.release.xcconfig */,
			);
			path = Pods;
			sourceTree = "<group>";
		};
/* End PBXGroup section */

/* Begin PBXNativeTarget section */
		AAE950782679163A00F4939A /* Authenticator */ = {
			isa = PBXNativeTarget;
			buildConfigurationList = AAE9508D2679163B00F4939A /* Build configuration list for PBXNativeTarget "Authenticator" */;
			buildPhases = (
				E440DCDADC234570AF195175 /* [CP] Check Pods Manifest.lock */,
				AAE950752679163A00F4939A /* Sources */,
				AAE950762679163A00F4939A /* Frameworks */,
				AAE950772679163A00F4939A /* Resources */,
				432612B7618AE7FABF96E8BF /* [CP] Embed Pods Frameworks */,
				861D1EA7022F6A78139DC329 /* [CP] Copy Pods Resources */,
			);
			buildRules = (
			);
			dependencies = (
			);
			name = Authenticator;
			productName = Authenticator;
			productReference = AAE950792679163A00F4939A /* Authenticator.app */;
			productType = "com.apple.product-type.application";
		};
/* End PBXNativeTarget section */

/* Begin PBXProject section */
		AAE950712679163A00F4939A /* Project object */ = {
			isa = PBXProject;
			attributes = {
				LastSwiftUpdateCheck = 1250;
				LastUpgradeCheck = 1250;
				TargetAttributes = {
					AAE950782679163A00F4939A = {
						CreatedOnToolsVersion = 12.5;
					};
				};
			};
			buildConfigurationList = AAE950742679163A00F4939A /* Build configuration list for PBXProject "Authenticator" */;
			compatibilityVersion = "Xcode 9.3";
			developmentRegion = en;
			hasScannedForEncodings = 0;
			knownRegions = (
				en,
				Base,
			);
			mainGroup = AAE950702679163A00F4939A;
			productRefGroup = AAE9507A2679163A00F4939A /* Products */;
			projectDirPath = "";
			projectRoot = "";
			targets = (
				AAE950782679163A00F4939A /* Authenticator */,
			);
		};
/* End PBXProject section */

/* Begin PBXResourcesBuildPhase section */
		AAE950772679163A00F4939A /* Resources */ = {
			isa = PBXResourcesBuildPhase;
			buildActionMask = 2147483647;
			files = (
				AAE950892679163B00F4939A /* LaunchScreen.storyboard in Resources */,
				AAB347592679197600C39BEA /* GoogleService-Info.plist in Resources */,
				AA349485268BE58B00467C0C /* Photo.storyboard in Resources */,
				AAE950862679163B00F4939A /* Assets.xcassets in Resources */,
				AAE950842679163A00F4939A /* Main.storyboard in Resources */,
			);
			runOnlyForDeploymentPostprocessing = 0;
		};
/* End PBXResourcesBuildPhase section */

/* Begin PBXShellScriptBuildPhase section */
		432612B7618AE7FABF96E8BF /* [CP] Embed Pods Frameworks */ = {
			isa = PBXShellScriptBuildPhase;
			buildActionMask = 2147483647;
			files = (
			);
			inputFileListPaths = (
				"${PODS_ROOT}/Target Support Files/Pods-Authenticator/Pods-Authenticator-frameworks-${CONFIGURATION}-input-files.xcfilelist",
			);
			name = "[CP] Embed Pods Frameworks";
			outputFileListPaths = (
				"${PODS_ROOT}/Target Support Files/Pods-Authenticator/Pods-Authenticator-frameworks-${CONFIGURATION}-output-files.xcfilelist",
			);
			runOnlyForDeploymentPostprocessing = 0;
			shellPath = /bin/sh;
			shellScript = "\"${PODS_ROOT}/Target Support Files/Pods-Authenticator/Pods-Authenticator-frameworks.sh\"\n";
			showEnvVarsInLog = 0;
		};
		861D1EA7022F6A78139DC329 /* [CP] Copy Pods Resources */ = {
			isa = PBXShellScriptBuildPhase;
			buildActionMask = 2147483647;
			files = (
			);
			inputFileListPaths = (
				"${PODS_ROOT}/Target Support Files/Pods-Authenticator/Pods-Authenticator-resources-${CONFIGURATION}-input-files.xcfilelist",
			);
			name = "[CP] Copy Pods Resources";
			outputFileListPaths = (
				"${PODS_ROOT}/Target Support Files/Pods-Authenticator/Pods-Authenticator-resources-${CONFIGURATION}-output-files.xcfilelist",
			);
			runOnlyForDeploymentPostprocessing = 0;
			shellPath = /bin/sh;
			shellScript = "\"${PODS_ROOT}/Target Support Files/Pods-Authenticator/Pods-Authenticator-resources.sh\"\n";
			showEnvVarsInLog = 0;
		};
		E440DCDADC234570AF195175 /* [CP] Check Pods Manifest.lock */ = {
			isa = PBXShellScriptBuildPhase;
			buildActionMask = 2147483647;
			files = (
			);
			inputFileListPaths = (
			);
			inputPaths = (
				"${PODS_PODFILE_DIR_PATH}/Podfile.lock",
				"${PODS_ROOT}/Manifest.lock",
			);
			name = "[CP] Check Pods Manifest.lock";
			outputFileListPaths = (
			);
			outputPaths = (
				"$(DERIVED_FILE_DIR)/Pods-Authenticator-checkManifestLockResult.txt",
			);
			runOnlyForDeploymentPostprocessing = 0;
			shellPath = /bin/sh;
			shellScript = "diff \"${PODS_PODFILE_DIR_PATH}/Podfile.lock\" \"${PODS_ROOT}/Manifest.lock\" > /dev/null\nif [ $? != 0 ] ; then\n    # print error to STDERR\n    echo \"error: The sandbox is not in sync with the Podfile.lock. Run 'pod install' or update your CocoaPods installation.\" >&2\n    exit 1\nfi\n# This output is used by Xcode 'outputs' to avoid re-running this script phase.\necho \"SUCCESS\" > \"${SCRIPT_OUTPUT_FILE_0}\"\n";
			showEnvVarsInLog = 0;
		};
/* End PBXShellScriptBuildPhase section */

/* Begin PBXSourcesBuildPhase section */
		AAE950752679163A00F4939A /* Sources */ = {
			isa = PBXSourcesBuildPhase;
			buildActionMask = 2147483647;
			files = (
				AA34948B268BEBD500467C0C /* Photo.swift in Sources */,
				AAE950972679174600F4939A /* LoginViewController.swift in Sources */,
				AA349489268BE85400467C0C /* FirebasePhotoFunctions.swift in Sources */,
				AA9016F4267D04CB0029A541 /* UserTableViewCell.swift in Sources */,
				AA349487268BE5F000467C0C /* PhotoViewController.swift in Sources */,
				AA9016F1267D04200029A541 /* UsersTableViewController.swift in Sources */,
				AA8BC22C267962F4001229AF /* AccountViewController.swift in Sources */,
				AA349482268BE40B00467C0C /* FirebaseFunctions.swift in Sources */,
				AAE9507D2679163A00F4939A /* AppDelegate.swift in Sources */,
				AAE9507F2679163A00F4939A /* SceneDelegate.swift in Sources */,
				AA349483268BE40B00467C0C /* PasswordValidator.swift in Sources */,
				AAF7FECF267921AD00DF0EA5 /* SignUpViewController.swift in Sources */,
			);
			runOnlyForDeploymentPostprocessing = 0;
		};
/* End PBXSourcesBuildPhase section */

/* Begin PBXVariantGroup section */
		AAE950822679163A00F4939A /* Main.storyboard */ = {
			isa = PBXVariantGroup;
			children = (
				AAE950832679163A00F4939A /* Base */,
			);
			name = Main.storyboard;
			sourceTree = "<group>";
		};
		AAE950872679163B00F4939A /* LaunchScreen.storyboard */ = {
			isa = PBXVariantGroup;
			children = (
				AAE950882679163B00F4939A /* Base */,
			);
			name = LaunchScreen.storyboard;
			sourceTree = "<group>";
		};
/* End PBXVariantGroup section */

/* Begin XCBuildConfiguration section */
		AAE9508B2679163B00F4939A /* Debug */ = {
			isa = XCBuildConfiguration;
			buildSettings = {
				ALWAYS_SEARCH_USER_PATHS = NO;
				CLANG_ANALYZER_NONNULL = YES;
				CLANG_ANALYZER_NUMBER_OBJECT_CONVERSION = YES_AGGRESSIVE;
				CLANG_CXX_LANGUAGE_STANDARD = "gnu++14";
				CLANG_CXX_LIBRARY = "libc++";
				CLANG_ENABLE_MODULES = YES;
				CLANG_ENABLE_OBJC_ARC = YES;
				CLANG_ENABLE_OBJC_WEAK = YES;
				CLANG_WARN_BLOCK_CAPTURE_AUTORELEASING = YES;
				CLANG_WARN_BOOL_CONVERSION = YES;
				CLANG_WARN_COMMA = YES;
				CLANG_WARN_CONSTANT_CONVERSION = YES;
				CLANG_WARN_DEPRECATED_OBJC_IMPLEMENTATIONS = YES;
				CLANG_WARN_DIRECT_OBJC_ISA_USAGE = YES_ERROR;
				CLANG_WARN_DOCUMENTATION_COMMENTS = YES;
				CLANG_WARN_EMPTY_BODY = YES;
				CLANG_WARN_ENUM_CONVERSION = YES;
				CLANG_WARN_INFINITE_RECURSION = YES;
				CLANG_WARN_INT_CONVERSION = YES;
				CLANG_WARN_NON_LITERAL_NULL_CONVERSION = YES;
				CLANG_WARN_OBJC_IMPLICIT_RETAIN_SELF = YES;
				CLANG_WARN_OBJC_LITERAL_CONVERSION = YES;
				CLANG_WARN_OBJC_ROOT_CLASS = YES_ERROR;
				CLANG_WARN_QUOTED_INCLUDE_IN_FRAMEWORK_HEADER = YES;
				CLANG_WARN_RANGE_LOOP_ANALYSIS = YES;
				CLANG_WARN_STRICT_PROTOTYPES = YES;
				CLANG_WARN_SUSPICIOUS_MOVE = YES;
				CLANG_WARN_UNGUARDED_AVAILABILITY = YES_AGGRESSIVE;
				CLANG_WARN_UNREACHABLE_CODE = YES;
				CLANG_WARN__DUPLICATE_METHOD_MATCH = YES;
				COPY_PHASE_STRIP = NO;
				DEBUG_INFORMATION_FORMAT = dwarf;
				ENABLE_STRICT_OBJC_MSGSEND = YES;
				ENABLE_TESTABILITY = YES;
				GCC_C_LANGUAGE_STANDARD = gnu11;
				GCC_DYNAMIC_NO_PIC = NO;
				GCC_NO_COMMON_BLOCKS = YES;
				GCC_OPTIMIZATION_LEVEL = 0;
				GCC_PREPROCESSOR_DEFINITIONS = (
					"DEBUG=1",
					"$(inherited)",
				);
				GCC_WARN_64_TO_32_BIT_CONVERSION = YES;
				GCC_WARN_ABOUT_RETURN_TYPE = YES_ERROR;
				GCC_WARN_UNDECLARED_SELECTOR = YES;
				GCC_WARN_UNINITIALIZED_AUTOS = YES_AGGRESSIVE;
				GCC_WARN_UNUSED_FUNCTION = YES;
				GCC_WARN_UNUSED_VARIABLE = YES;
				IPHONEOS_DEPLOYMENT_TARGET = 14.5;
				MTL_ENABLE_DEBUG_INFO = INCLUDE_SOURCE;
				MTL_FAST_MATH = YES;
				ONLY_ACTIVE_ARCH = YES;
				SDKROOT = iphoneos;
				SWIFT_ACTIVE_COMPILATION_CONDITIONS = DEBUG;
				SWIFT_OPTIMIZATION_LEVEL = "-Onone";
			};
			name = Debug;
		};
		AAE9508C2679163B00F4939A /* Release */ = {
			isa = XCBuildConfiguration;
			buildSettings = {
				ALWAYS_SEARCH_USER_PATHS = NO;
				CLANG_ANALYZER_NONNULL = YES;
				CLANG_ANALYZER_NUMBER_OBJECT_CONVERSION = YES_AGGRESSIVE;
				CLANG_CXX_LANGUAGE_STANDARD = "gnu++14";
				CLANG_CXX_LIBRARY = "libc++";
				CLANG_ENABLE_MODULES = YES;
				CLANG_ENABLE_OBJC_ARC = YES;
				CLANG_ENABLE_OBJC_WEAK = YES;
				CLANG_WARN_BLOCK_CAPTURE_AUTORELEASING = YES;
				CLANG_WARN_BOOL_CONVERSION = YES;
				CLANG_WARN_COMMA = YES;
				CLANG_WARN_CONSTANT_CONVERSION = YES;
				CLANG_WARN_DEPRECATED_OBJC_IMPLEMENTATIONS = YES;
				CLANG_WARN_DIRECT_OBJC_ISA_USAGE = YES_ERROR;
				CLANG_WARN_DOCUMENTATION_COMMENTS = YES;
				CLANG_WARN_EMPTY_BODY = YES;
				CLANG_WARN_ENUM_CONVERSION = YES;
				CLANG_WARN_INFINITE_RECURSION = YES;
				CLANG_WARN_INT_CONVERSION = YES;
				CLANG_WARN_NON_LITERAL_NULL_CONVERSION = YES;
				CLANG_WARN_OBJC_IMPLICIT_RETAIN_SELF = YES;
				CLANG_WARN_OBJC_LITERAL_CONVERSION = YES;
				CLANG_WARN_OBJC_ROOT_CLASS = YES_ERROR;
				CLANG_WARN_QUOTED_INCLUDE_IN_FRAMEWORK_HEADER = YES;
				CLANG_WARN_RANGE_LOOP_ANALYSIS = YES;
				CLANG_WARN_STRICT_PROTOTYPES = YES;
				CLANG_WARN_SUSPICIOUS_MOVE = YES;
				CLANG_WARN_UNGUARDED_AVAILABILITY = YES_AGGRESSIVE;
				CLANG_WARN_UNREACHABLE_CODE = YES;
				CLANG_WARN__DUPLICATE_METHOD_MATCH = YES;
				COPY_PHASE_STRIP = NO;
				DEBUG_INFORMATION_FORMAT = "dwarf-with-dsym";
				ENABLE_NS_ASSERTIONS = NO;
				ENABLE_STRICT_OBJC_MSGSEND = YES;
				GCC_C_LANGUAGE_STANDARD = gnu11;
				GCC_NO_COMMON_BLOCKS = YES;
				GCC_WARN_64_TO_32_BIT_CONVERSION = YES;
				GCC_WARN_ABOUT_RETURN_TYPE = YES_ERROR;
				GCC_WARN_UNDECLARED_SELECTOR = YES;
				GCC_WARN_UNINITIALIZED_AUTOS = YES_AGGRESSIVE;
				GCC_WARN_UNUSED_FUNCTION = YES;
				GCC_WARN_UNUSED_VARIABLE = YES;
				IPHONEOS_DEPLOYMENT_TARGET = 14.5;
				MTL_ENABLE_DEBUG_INFO = NO;
				MTL_FAST_MATH = YES;
				SDKROOT = iphoneos;
				SWIFT_COMPILATION_MODE = wholemodule;
				SWIFT_OPTIMIZATION_LEVEL = "-O";
				VALIDATE_PRODUCT = YES;
			};
			name = Release;
		};
		AAE9508E2679163B00F4939A /* Debug */ = {
			isa = XCBuildConfiguration;
			baseConfigurationReference = B1EBB066C63FAD71D2C5522D /* Pods-Authenticator.debug.xcconfig */;
			buildSettings = {
				ASSETCATALOG_COMPILER_APPICON_NAME = AppIcon;
				ASSETCATALOG_COMPILER_GLOBAL_ACCENT_COLOR_NAME = AccentColor;
				CODE_SIGN_STYLE = Automatic;
				DEVELOPMENT_TEAM = XA96DJZ7VH;
				INFOPLIST_FILE = Authenticator/Resources/Info.plist;
				LD_RUNPATH_SEARCH_PATHS = (
					"$(inherited)",
					"@executable_path/Frameworks",
				);
				PRODUCT_BUNDLE_IDENTIFIER = Andersen.Authenticator;
				PRODUCT_NAME = "$(TARGET_NAME)";
				SWIFT_VERSION = 5.0;
				TARGETED_DEVICE_FAMILY = "1,2";
			};
			name = Debug;
		};
		AAE9508F2679163B00F4939A /* Release */ = {
			isa = XCBuildConfiguration;
			baseConfigurationReference = 59090E5E63F3AE00AE21CA67 /* Pods-Authenticator.release.xcconfig */;
			buildSettings = {
				ASSETCATALOG_COMPILER_APPICON_NAME = AppIcon;
				ASSETCATALOG_COMPILER_GLOBAL_ACCENT_COLOR_NAME = AccentColor;
				CODE_SIGN_STYLE = Automatic;
				DEVELOPMENT_TEAM = XA96DJZ7VH;
				INFOPLIST_FILE = Authenticator/Resources/Info.plist;
				LD_RUNPATH_SEARCH_PATHS = (
					"$(inherited)",
					"@executable_path/Frameworks",
				);
				PRODUCT_BUNDLE_IDENTIFIER = Andersen.Authenticator;
				PRODUCT_NAME = "$(TARGET_NAME)";
				SWIFT_VERSION = 5.0;
				TARGETED_DEVICE_FAMILY = "1,2";
			};
			name = Release;
		};
/* End XCBuildConfiguration section */

/* Begin XCConfigurationList section */
		AAE950742679163A00F4939A /* Build configuration list for PBXProject "Authenticator" */ = {
			isa = XCConfigurationList;
			buildConfigurations = (
				AAE9508B2679163B00F4939A /* Debug */,
				AAE9508C2679163B00F4939A /* Release */,
			);
			defaultConfigurationIsVisible = 0;
			defaultConfigurationName = Release;
		};
		AAE9508D2679163B00F4939A /* Build configuration list for PBXNativeTarget "Authenticator" */ = {
			isa = XCConfigurationList;
			buildConfigurations = (
				AAE9508E2679163B00F4939A /* Debug */,
				AAE9508F2679163B00F4939A /* Release */,
			);
			defaultConfigurationIsVisible = 0;
			defaultConfigurationName = Release;
		};
/* End XCConfigurationList section */
	};
	rootObject = AAE950712679163A00F4939A /* Project object */;
}
